
Microsoft Visual Studio Solution File, Format Version 12.00
Project("{FAE04EC0-301F-11D3-BF4B-00C04F79EFBC}") = "Nip Napper", "Nip Napper.csproj", "{ACB35655-AF5F-4654-9211-867DF394C27B}"
EndProject
Global
	GlobalSection(SolutionConfigurationPlatforms) = preSolution
		Debug|Any CPU = Debug|Any CPU
		Release|Any CPU = Release|Any CPU
	EndGlobalSection
	GlobalSection(ProjectConfigurationPlatforms) = postSolution
		{ACB35655-AF5F-4654-9211-867DF394C27B}.Debug|Any CPU.ActiveCfg = Debug|Any CPU
		{ACB35655-AF5F-4654-9211-867DF394C27B}.Debug|Any CPU.Build.0 = Debug|Any CPU
		{ACB35655-AF5F-4654-9211-867DF394C27B}.Release|Any CPU.ActiveCfg = Release|Any CPU
		{ACB35655-AF5F-4654-9211-867DF394C27B}.Release|Any CPU.Build.0 = Release|Any CPU
	EndGlobalSection
EndGlobal
